
Microsoft Visual Studio Solution File, Format Version 12.00
# Visual Studio Version 17
VisualStudioVersion = 17.9.34723.18
MinimumVisualStudioVersion = 10.0.40219.1
Project("{FAE04EC0-301F-11D3-BF4B-00C04F79EFBC}") = "Hospital_Management2", "Hospital_Management2\Hospital_Management2.csproj", "{23124543-CB34-4D8B-A654-529B4C1799E8}"
EndProject
Global
	GlobalSection(SolutionConfigurationPlatforms) = preSolution
		Debug|Any CPU = Debug|Any CPU
		Release|Any CPU = Release|Any CPU
	EndGlobalSection
	GlobalSection(ProjectConfigurationPlatforms) = postSolution
		{23124543-CB34-4D8B-A654-529B4C1799E8}.Debug|Any CPU.ActiveCfg = Debug|Any CPU
		{23124543-CB34-4D8B-A654-529B4C1799E8}.Debug|Any CPU.Build.0 = Debug|Any CPU
		{23124543-CB34-4D8B-A654-529B4C1799E8}.Release|Any CPU.ActiveCfg = Release|Any CPU
		{23124543-CB34-4D8B-A654-529B4C1799E8}.Release|Any CPU.Build.0 = Release|Any CPU
	EndGlobalSection
	GlobalSection(SolutionProperties) = preSolution
		HideSolutionNode = FALSE
	EndGlobalSection
	GlobalSection(ExtensibilityGlobals) = postSolution
		SolutionGuid = {772E61B0-E7C1-4472-8F85-3BB2ACFB311D}
	EndGlobalSection
EndGlobal
