
Microsoft Visual Studio Solution File, Format Version 12.00
# Visual Studio Version 17
VisualStudioVersion = 17.8.34511.84
MinimumVisualStudioVersion = 10.0.40219.1
Project("{FAE04EC0-301F-11D3-BF4B-00C04F79EFBC}") = "Hospital_Managment", "Hospital_Managment.csproj", "{FFCC5B38-E5AA-42FE-9E76-3D2AA49B35D1}"
EndProject
Global
	GlobalSection(SolutionConfigurationPlatforms) = preSolution
		Debug|Any CPU = Debug|Any CPU
		Release|Any CPU = Release|Any CPU
	EndGlobalSection
	GlobalSection(ProjectConfigurationPlatforms) = postSolution
		{FFCC5B38-E5AA-42FE-9E76-3D2AA49B35D1}.Debug|Any CPU.ActiveCfg = Debug|Any CPU
		{FFCC5B38-E5AA-42FE-9E76-3D2AA49B35D1}.Debug|Any CPU.Build.0 = Debug|Any CPU
		{FFCC5B38-E5AA-42FE-9E76-3D2AA49B35D1}.Release|Any CPU.ActiveCfg = Release|Any CPU
		{FFCC5B38-E5AA-42FE-9E76-3D2AA49B35D1}.Release|Any CPU.Build.0 = Release|Any CPU
	EndGlobalSection
	GlobalSection(SolutionProperties) = preSolution
		HideSolutionNode = FALSE
	EndGlobalSection
	GlobalSection(ExtensibilityGlobals) = postSolution
		SolutionGuid = {7D238C12-6821-41CD-AADC-2C9AC57E450B}
	EndGlobalSection
EndGlobal
